
Microsoft Visual Studio Solution File, Format Version 12.00
# Visual Studio Version 17
VisualStudioVersion = 17.6.33723.286
MinimumVisualStudioVersion = 10.0.40219.1
Project("{FAE04EC0-301F-11D3-BF4B-00C04F79EFBC}") = "PushPullDemo", "PushPullDemo\PushPullDemo.csproj", "{E3543491-0A75-442A-8F3E-2D28D5344941}"
EndProject
Global
	GlobalSection(SolutionConfigurationPlatforms) = preSolution
		Debug|Any CPU = Debug|Any CPU
		Release|Any CPU = Release|Any CPU
	EndGlobalSection
	GlobalSection(ProjectConfigurationPlatforms) = postSolution
		{E3543491-0A75-442A-8F3E-2D28D5344941}.Debug|Any CPU.ActiveCfg = Debug|Any CPU
		{E3543491-0A75-442A-8F3E-2D28D5344941}.Debug|Any CPU.Build.0 = Debug|Any CPU
		{E3543491-0A75-442A-8F3E-2D28D5344941}.Release|Any CPU.ActiveCfg = Release|Any CPU
		{E3543491-0A75-442A-8F3E-2D28D5344941}.Release|Any CPU.Build.0 = Release|Any CPU
	EndGlobalSection
	GlobalSection(SolutionProperties) = preSolution
		HideSolutionNode = FALSE
	EndGlobalSection
	GlobalSection(ExtensibilityGlobals) = postSolution
		SolutionGuid = {B57AF4DA-5C90-4716-A903-130C98D4DE8C}
	EndGlobalSection
EndGlobal
