
Microsoft Visual Studio Solution File, Format Version 12.00
# Visual Studio Version 17
VisualStudioVersion = 17.6.33723.286
MinimumVisualStudioVersion = 10.0.40219.1
Project("{FAE04EC0-301F-11D3-BF4B-00C04F79EFBC}") = "DefaultExchangeDemo", "DefaultExchangeDemo\DefaultExchangeDemo.csproj", "{407A6A24-97D4-42B7-9278-696747DA5508}"
EndProject
Global
	GlobalSection(SolutionConfigurationPlatforms) = preSolution
		Debug|Any CPU = Debug|Any CPU
		Release|Any CPU = Release|Any CPU
	EndGlobalSection
	GlobalSection(ProjectConfigurationPlatforms) = postSolution
		{407A6A24-97D4-42B7-9278-696747DA5508}.Debug|Any CPU.ActiveCfg = Debug|Any CPU
		{407A6A24-97D4-42B7-9278-696747DA5508}.Debug|Any CPU.Build.0 = Debug|Any CPU
		{407A6A24-97D4-42B7-9278-696747DA5508}.Release|Any CPU.ActiveCfg = Release|Any CPU
		{407A6A24-97D4-42B7-9278-696747DA5508}.Release|Any CPU.Build.0 = Release|Any CPU
	EndGlobalSection
	GlobalSection(SolutionProperties) = preSolution
		HideSolutionNode = FALSE
	EndGlobalSection
	GlobalSection(ExtensibilityGlobals) = postSolution
		SolutionGuid = {EA54D166-89BF-459D-A141-0CF5AD553DF0}
	EndGlobalSection
EndGlobal
